<?xml version="1.0" encoding="utf-8"?>
<Project ToolsVersion="4.0" xmlns="http://schemas.microsoft.com/developer/msbuild/2003">
  <ItemGroup>
    <Filter Include="Quellcodedateien">
      <UniqueIdentifier>{df884e3c-4d8d-41c0-998a-e5a8383d5a0f}</UniqueIdentifier>
      <Extensions>cpp;c;cxx;rc;def;r;odl;idl;hpj;bat</Extensions>
    </Filter>
    <Filter Include="Header-Dateien">
      <UniqueIdentifier>{dcae58b7-bb9e-4a06-a712-26cd6cfa11c6}</UniqueIdentifier>
      <Extensions>h;hpp;hxx;hm;inl</Extensions>
    </Filter>
    <Filter Include="Ressourcendateien">
      <UniqueIdentifier>{b54e9933-33b7-46d5-9a76-eba732daca93}</UniqueIdentifier>
      <Extensions>ico;cur;bmp;dlg;rc2;rct;bin;rgs;gif;jpg;jpeg;jpe</Extensions>
    </Filter>
  </ItemGroup>
  <ItemGroup>
    <ClCompile Include="loaddriver.c">
      <Filter>Quellcodedateien</Filter>
    </ClCompile>
    <ClCompile Include="stdafx.cpp">
      <Filter>Quellcodedateien</Filter>
    </ClCompile>
  </ItemGroup>
  <ItemGroup>
    <ResourceCompile Include="Skript1.rc">
      <Filter>Quellcodedateien</Filter>
    </ResourceCompile>
  </ItemGroup>
  <ItemGroup>
    <ClInclude Include="loaddriver.h">
      <Filter>Header-Dateien</Filter>
    </ClInclude>
    <ClInclude Include="stdafx.h">
      <Filter>Quellcodedateien</Filter>
    </ClInclude>
    <ClInclude Include="targetver.h">
      <Filter>Quellcodedateien</Filter>
    </ClInclude>
  </ItemGroup>
</Project>